Microsoft Visual Studio Solution File, Format Version 12.00
# Visual Studio Version 17
VisualStudioVersion = 17.5.2.0
MinimumVisualStudioVersion = 10.0.40219.1
Project("{FAE04EC0-301F-11D3-BF4B-00C04F79EFBC}") = "MediCore.Api", "MediCore.Api\MediCore.Api.csproj", "{503B56C7-33C0-61F2-0EB2-4FB7FC42EFDF}"
EndProject
Project("{FAE04EC0-301F-11D3-BF4B-00C04F79EFBC}") = "MediCore.Domain", "MediCore.Domain\MediCore.Domain.csproj", "{36A6E54C-F63C-8908-FD9E-AC96D92D16D4}"
EndProject
Global
	GlobalSection(SolutionConfigurationPlatforms) = preSolution
		Debug|Any CPU = Debug|Any CPU
		Release|Any CPU = Release|Any CPU
	EndGlobalSection
	GlobalSection(ProjectConfigurationPlatforms) = postSolution
		{503B56C7-33C0-61F2-0EB2-4FB7FC42EFDF}.Debug|Any CPU.ActiveCfg = Debug|Any CPU
		{503B56C7-33C0-61F2-0EB2-4FB7FC42EFDF}.Debug|Any CPU.Build.0 = Debug|Any CPU
		{503B56C7-33C0-61F2-0EB2-4FB7FC42EFDF}.Release|Any CPU.ActiveCfg = Release|Any CPU
		{503B56C7-33C0-61F2-0EB2-4FB7FC42EFDF}.Release|Any CPU.Build.0 = Release|Any CPU
		{36A6E54C-F63C-8908-FD9E-AC96D92D16D4}.Debug|Any CPU.ActiveCfg = Debug|Any CPU
		{36A6E54C-F63C-8908-FD9E-AC96D92D16D4}.Debug|Any CPU.Build.0 = Debug|Any CPU
		{36A6E54C-F63C-8908-FD9E-AC96D92D16D4}.Release|Any CPU.ActiveCfg = Release|Any CPU
		{36A6E54C-F63C-8908-FD9E-AC96D92D16D4}.Release|Any CPU.Build.0 = Release|Any CPU
	EndGlobalSection
	GlobalSection(SolutionProperties) = preSolution
		HideSolutionNode = FALSE
	EndGlobalSection
	GlobalSection(ExtensibilityGlobals) = postSolution
		SolutionGuid = {79161312-2E09-40DD-908E-6E58BA4E4B7F}
	EndGlobalSection
EndGlobal
